lockfileVersion: 5.4

specifiers:
  '@apexlang/codegen': ^0.0.17
  prettier: ^2.6.2

dependencies:
  '@apexlang/codegen': 0.0.17

devDependencies:
  prettier: 2.7.1

packages:

  /@apexlang/codegen/0.0.17:
    resolution: {integrity: sha512-j48x1cEkk31h7Ugz4kO+HqikJUuRPob3rflqAnJLqgDAs+gkb0ZMXlNpSe8T9nJ/EVuOjAG/Q0I+24kf1Zw5qA==}
    engines: {node: '>=14.0'}
    dependencies:
      '@apexlang/core': 0.1.1
      '@types/node': 18.11.7
      openapi3-ts: 2.0.2
      yaml: 1.10.2
    dev: false

  /@apexlang/core/0.1.1:
    resolution: {integrity: sha512-dUQdLslEChjbF4uMu9HNgYUloLF2VVWb1jw87eXzX80UsfcGQ5ti5TKu0JYl0ABdUC3N/0uyWg1Er0gbDt27/Q==}
    engines: {node: '>=14.0'}
    dev: false

  /@types/node/18.11.7:
    resolution: {integrity: sha512-LhFTglglr63mNXUSRYD8A+ZAIu5sFqNJ4Y2fPuY7UlrySJH87rRRlhtVmMHplmfk5WkoJGmDjE9oiTfyX94CpQ==}
    dev: false

  /openapi3-ts/2.0.2:
    resolution: {integrity: sha512-TxhYBMoqx9frXyOgnRHufjQfPXomTIHYKhSKJ6jHfj13kS8OEIhvmE8CTuQyKtjjWttAjX5DPxM1vmalEpo8Qw==}
    dependencies:
      yaml: 1.10.2
    dev: false

  /prettier/2.7.1:
    resolution: {integrity: sha512-ujppO+MkdPqoVINuDFDRLClm7D78qbDt0/NR+wp5FqEZOoTNAjPHWj17QRhu7geIHJfcNhRk1XVQmF8Bp3ye+g==}
    engines: {node: '>=10.13.0'}
    hasBin: true
    dev: true

  /yaml/1.10.2:
    resolution: {integrity: sha512-r3vXyErRCYJ7wg28yvBY5VSoAF8ZvlcW9/BwUzEtUsjvX/DKs24dIkuwjtuprwJJHsbyUbLApepYTR1BN4uHrg==}
    engines: {node: '>= 6'}
    dev: false
